# THIS IS AN AUTOGENERATED FILE. DO NOT EDIT THIS FILE DIRECTLY.
# yarn lockfile v1


"@types/node@^13.13.0":
  version "13.13.0"
  resolved "https://registry.yarnpkg.com/@types/node/-/node-13.13.0.tgz#30d2d09f623fe32cde9cb582c7a6eda2788ce4a8"
  integrity sha512-WE4IOAC6r/yBZss1oQGM5zs2D7RuKR6Q+w+X2SouPofnWn+LbCqClRyhO3ZE7Ix8nmFgo/oVuuE01cJT2XB13A==

easy-stack@^1.0.0:
  version "1.0.0"
  resolved "https://registry.yarnpkg.com/easy-stack/-/easy-stack-1.0.0.tgz#12c91b3085a37f0baa336e9486eac4bf94e3e788"
  integrity sha1-EskbMIWjfwuqM26UhurEv5Tj54g=

event-pubsub@4.3.0:
  version "4.3.0"
  resolved "https://registry.yarnpkg.com/event-pubsub/-/event-pubsub-4.3.0.tgz#f68d816bc29f1ec02c539dc58c8dd40ce72cb36e"
  integrity sha512-z7IyloorXvKbFx9Bpie2+vMJKKx1fH1EN5yiTfp8CiLOTptSYy1g8H4yDpGlEdshL1PBiFtBHepF2cNsqeEeFQ==

js-message@1.0.5:
  version "1.0.5"
  resolved "https://registry.yarnpkg.com/js-message/-/js-message-1.0.5.tgz#2300d24b1af08e89dd095bc1a4c9c9cfcb892d15"
  integrity sha1-IwDSSxrwjondCVvBpMnJz8uJLRU=

js-queue@2.0.0:
  version "2.0.0"
  resolved "https://registry.yarnpkg.com/js-queue/-/js-queue-2.0.0.tgz#362213cf860f468f0125fc6c96abc1742531f948"
  integrity sha1-NiITz4YPRo8BJfxslqvBdCUx+Ug=
  dependencies:
    easy-stack "^1.0.0"

lodash@^4.17.14:
  version "4.17.14"
  resolved "https://registry.yarnpkg.com/lodash/-/lodash-4.17.14.tgz#9ce487ae66c96254fe20b599f21b6816028078ba"
  integrity sha512-mmKYbW3GLuJeX+iGP+Y7Gp1AiGHGbXHCOh/jZmrawMmsE7MS4znI3RL2FsjbqOyMayHInjOeykW7PEajUk1/xw==

node-ipc@^9.1.1:
  version "9.1.1"
  resolved "https://registry.yarnpkg.com/node-ipc/-/node-ipc-9.1.1.tgz#4e245ed6938e65100e595ebc5dc34b16e8dd5d69"
  integrity sha512-FAyICv0sIRJxVp3GW5fzgaf9jwwRQxAKDJlmNFUL5hOy+W4X/I5AypyHoq0DXXbo9o/gt79gj++4cMr4jVWE/w==
  dependencies:
    event-pubsub "4.3.0"
    js-message "1.0.5"
    js-queue "2.0.0"

typescript@^3.8.3:
  version "3.8.3"
  resolved "https://registry.yarnpkg.com/typescript/-/typescript-3.8.3.tgz#409eb8544ea0335711205869ec458ab109ee1061"
  integrity sha512-MYlEfn5VrLNsgudQTVJeNaQFUAI7DkhnOjdpAp4T+ku1TfQClewlbSuTVHiA+8skNBgaf02TL/kLOvig4y3G8w==
